
Microsoft Visual Studio Solution File, Format Version 12.00
# Visual Studio 15
VisualStudioVersion = 15.0.26430.14
MinimumVisualStudioVersion = 10.0.40219.1
Project("{FAE04EC0-301F-11D3-BF4B-00C04F79EFBC}") = "AdventOfCode2018", "AdventOfCode2018\AdventOfCode2018.csproj", "{2F8EC69D-1A53-4C0C-8B42-355644C12562}"
EndProject
Project("{FAE04EC0-301F-11D3-BF4B-00C04F79EFBC}") = "UnitTests", "UnitTests\UnitTests.csproj", "{2964D0B8-981A-45A0-A559-8A2239715249}"
EndProject
Global
	GlobalSection(SolutionConfigurationPlatforms) = preSolution
		Debug|Any CPU = Debug|Any CPU
		Release|Any CPU = Release|Any CPU
	EndGlobalSection
	GlobalSection(ProjectConfigurationPlatforms) = postSolution
		{2F8EC69D-1A53-4C0C-8B42-355644C12562}.Debug|Any CPU.ActiveCfg = Debug|Any CPU
		{2F8EC69D-1A53-4C0C-8B42-355644C12562}.Debug|Any CPU.Build.0 = Debug|Any CPU
		{2F8EC69D-1A53-4C0C-8B42-355644C12562}.Release|Any CPU.ActiveCfg = Release|Any CPU
		{2F8EC69D-1A53-4C0C-8B42-355644C12562}.Release|Any CPU.Build.0 = Release|Any CPU
		{2964D0B8-981A-45A0-A559-8A2239715249}.Debug|Any CPU.ActiveCfg = Debug|Any CPU
		{2964D0B8-981A-45A0-A559-8A2239715249}.Debug|Any CPU.Build.0 = Debug|Any CPU
		{2964D0B8-981A-45A0-A559-8A2239715249}.Release|Any CPU.ActiveCfg = Release|Any CPU
		{2964D0B8-981A-45A0-A559-8A2239715249}.Release|Any CPU.Build.0 = Release|Any CPU
	EndGlobalSection
	GlobalSection(SolutionProperties) = preSolution
		HideSolutionNode = FALSE
	EndGlobalSection
EndGlobal
